
Microsoft Visual Studio Solution File, Format Version 12.00
# Visual Studio 15
VisualStudioVersion = 15.0.28307.572
MinimumVisualStudioVersion = 10.0.40219.1
Project("{FAE04EC0-301F-11D3-BF4B-00C04F79EFBC}") = "Week 7", "Week 7\Week 7.csproj", "{085AF40D-F40B-4700-AD21-507C9399C292}"
EndProject
Global
	GlobalSection(SolutionConfigurationPlatforms) = preSolution
		Debug|Any CPU = Debug|Any CPU
		Release|Any CPU = Release|Any CPU
	EndGlobalSection
	GlobalSection(ProjectConfigurationPlatforms) = postSolution
		{085AF40D-F40B-4700-AD21-507C9399C292}.Debug|Any CPU.ActiveCfg = Debug|Any CPU
		{085AF40D-F40B-4700-AD21-507C9399C292}.Debug|Any CPU.Build.0 = Debug|Any CPU
		{085AF40D-F40B-4700-AD21-507C9399C292}.Release|Any CPU.ActiveCfg = Release|Any CPU
		{085AF40D-F40B-4700-AD21-507C9399C292}.Release|Any CPU.Build.0 = Release|Any CPU
	EndGlobalSection
	GlobalSection(SolutionProperties) = preSolution
		HideSolutionNode = FALSE
	EndGlobalSection
	GlobalSection(ExtensibilityGlobals) = postSolution
		SolutionGuid = {5AB9527E-0DD4-466B-B0FD-BFFB55D9C181}
	EndGlobalSection
EndGlobal
